
Microsoft Visual Studio Solution File, Format Version 12.00
# Visual Studio Version 17
VisualStudioVersion = 17.11.35312.102
MinimumVisualStudioVersion = 10.0.40219.1
Project("{FAE04EC0-301F-11D3-BF4B-00C04F79EFBC}") = "Poktos3", "Poktos3\Poktos3.csproj", "{851C9054-3FBF-4D45-ACB0-E405D7FEB055}"
EndProject
Project("{FAE04EC0-301F-11D3-BF4B-00C04F79EFBC}") = "LibMas", "LibMas\LibMas.csproj", "{3AA73673-EFBB-4B85-8D41-1DEDB5543D6E}"
EndProject
Project("{FAE04EC0-301F-11D3-BF4B-00C04F79EFBC}") = "Lib_4", "Lib_4\Lib_4.csproj", "{DA107906-5D6E-4D84-BFBC-AC6BB522CAC1}"
EndProject
Global
	GlobalSection(SolutionConfigurationPlatforms) = preSolution
		Debug|Any CPU = Debug|Any CPU
		Release|Any CPU = Release|Any CPU
	EndGlobalSection
	GlobalSection(ProjectConfigurationPlatforms) = postSolution
		{851C9054-3FBF-4D45-ACB0-E405D7FEB055}.Debug|Any CPU.ActiveCfg = Debug|Any CPU
		{851C9054-3FBF-4D45-ACB0-E405D7FEB055}.Debug|Any CPU.Build.0 = Debug|Any CPU
		{851C9054-3FBF-4D45-ACB0-E405D7FEB055}.Release|Any CPU.ActiveCfg = Release|Any CPU
		{851C9054-3FBF-4D45-ACB0-E405D7FEB055}.Release|Any CPU.Build.0 = Release|Any CPU
		{3AA73673-EFBB-4B85-8D41-1DEDB5543D6E}.Debug|Any CPU.ActiveCfg = Debug|Any CPU
		{3AA73673-EFBB-4B85-8D41-1DEDB5543D6E}.Debug|Any CPU.Build.0 = Debug|Any CPU
		{3AA73673-EFBB-4B85-8D41-1DEDB5543D6E}.Release|Any CPU.ActiveCfg = Release|Any CPU
		{3AA73673-EFBB-4B85-8D41-1DEDB5543D6E}.Release|Any CPU.Build.0 = Release|Any CPU
		{DA107906-5D6E-4D84-BFBC-AC6BB522CAC1}.Debug|Any CPU.ActiveCfg = Debug|Any CPU
		{DA107906-5D6E-4D84-BFBC-AC6BB522CAC1}.Debug|Any CPU.Build.0 = Debug|Any CPU
		{DA107906-5D6E-4D84-BFBC-AC6BB522CAC1}.Release|Any CPU.ActiveCfg = Release|Any CPU
		{DA107906-5D6E-4D84-BFBC-AC6BB522CAC1}.Release|Any CPU.Build.0 = Release|Any CPU
	EndGlobalSection
	GlobalSection(SolutionProperties) = preSolution
		HideSolutionNode = FALSE
	EndGlobalSection
	GlobalSection(ExtensibilityGlobals) = postSolution
		SolutionGuid = {7C6B7445-2274-4108-9A0C-24F1EBB311AF}
	EndGlobalSection
EndGlobal
